version: 2.0
shards:
  callbacks:
    git: https://github.com/vladfaust/callbacks.cr.git
    version: 0.2.0

  carbon:
    git: https://github.com/luckyframework/carbon.git
    version: 0.2.1

  db:
    git: https://github.com/crystal-lang/crystal-db.git
    version: 0.11.0

  dotenv:
    git: https://github.com/gdotdesign/cr-dotenv.git
    version: 0.1.0

  exception_page:
    git: https://github.com/crystal-loot/exception_page.git
    version: 0.1.5

  habitat:
    git: https://github.com/luckyframework/habitat.git
    version: 0.4.7

  http-params-serializable:
    git: https://github.com/vladfaust/http-params-serializable.git
    version: 0.3.0

  kilt:
    git: https://github.com/jeromegn/kilt.git
    version: 0.6.1

  lucky_task:
    git: https://github.com/luckyframework/lucky_task.git
    version: 0.1.1

  onyx:
    git: https://github.com/onyxframework/onyx.git
    version: 0.3.1

  onyx-http:
    git: https://github.com/onyxframework/http.git
    version: 0.7.4

  radix:
    git: https://github.com/luislavena/radix.git
    version: 0.3.9

  sqlite3:
    git: https://github.com/crystal-lang/crystal-sqlite3.git
    version: 0.19.0

  teeplate:
    git: https://github.com/luckyframework/teeplate.git
    version: 0.8.5

  time_format:
    git: https://github.com/vladfaust/time_format.cr.git
    version: 0.1.1

  wordsmith:
    git: https://github.com/luckyframework/wordsmith.git
    version: 0.3.0

